
Microsoft Visual Studio Solution File, Format Version 12.00
# Visual Studio Version 17
VisualStudioVersion = 17.5.33530.505
MinimumVisualStudioVersion = 10.0.40219.1
Project("{FAE04EC0-301F-11D3-BF4B-00C04F79EFBC}") = "CityTour.API", "CityTour.API\CityTour.API.csproj", "{9A10ADEA-BBB2-4C7B-AB9F-0B5917958ADB}"
EndProject
Global
	GlobalSection(SolutionConfigurationPlatforms) = preSolution
		Debug|Any CPU = Debug|Any CPU
		Release|Any CPU = Release|Any CPU
	EndGlobalSection
	GlobalSection(ProjectConfigurationPlatforms) = postSolution
		{9A10ADEA-BBB2-4C7B-AB9F-0B5917958ADB}.Debug|Any CPU.ActiveCfg = Debug|Any CPU
		{9A10ADEA-BBB2-4C7B-AB9F-0B5917958ADB}.Debug|Any CPU.Build.0 = Debug|Any CPU
		{9A10ADEA-BBB2-4C7B-AB9F-0B5917958ADB}.Release|Any CPU.ActiveCfg = Release|Any CPU
		{9A10ADEA-BBB2-4C7B-AB9F-0B5917958ADB}.Release|Any CPU.Build.0 = Release|Any CPU
	EndGlobalSection
	GlobalSection(SolutionProperties) = preSolution
		HideSolutionNode = FALSE
	EndGlobalSection
	GlobalSection(ExtensibilityGlobals) = postSolution
		SolutionGuid = {8250F411-3EAD-4B22-8BAC-A7EA035B50FE}
	EndGlobalSection
EndGlobal
